// !$*UTF8*$!
{
	archiveVersion = 1;
	classes = {
	};
	objectVersion = 56;
	objects = {

/* Begin PBXBuildFile section */
		287623CE29278507009D6C3A /* StepperApp.swift in Sources */ = {isa = PBXBuildFile; fileRef = 287623CD29278507009D6C3A /* StepperApp.swift */; };
		287623D029278507009D6C3A /* ContentView.swift in Sources */ = {isa = PBXBuildFile; fileRef = 287623CF29278507009D6C3A /* ContentView.swift */; };
		287623D229278508009D6C3A /* Assets.xcassets in Resources */ = {isa = PBXBuildFile; fileRef = 287623D129278508009D6C3A /* Assets.xcassets */; };
		287623D529278508009D6C3A /* Preview Assets.xcassets in Resources */ = {isa = PBXBuildFile; fileRef = 287623D429278508009D6C3A /* Preview Assets.xcassets */; };
		287623DC2927A764009D6C3A /* StepperStyle.swift in Sources */ = {isa = PBXBuildFile; fileRef = 287623DB2927A764009D6C3A /* StepperStyle.swift */; };
		287623DE2927A794009D6C3A /* StepperStyle-Default.swift in Sources */ = {isa = PBXBuildFile; fileRef = 287623DD2927A794009D6C3A /* StepperStyle-Default.swift */; };
		287623E02927A7BC009D6C3A /* StepperStyle-Capsule.swift in Sources */ = {isa = PBXBuildFile; fileRef = 287623DF2927A7BC009D6C3A /* StepperStyle-Capsule.swift */; };
		DB495C782942538600E23E84 /* StepperStyle-Vertical.swift in Sources */ = {isa = PBXBuildFile; fileRef = DB495C772942538600E23E84 /* StepperStyle-Vertical.swift */; };
		DB495C7A294305CF00E23E84 /* CustomStepper.swift in Sources */ = {isa = PBXBuildFile; fileRef = DB495C79294305CF00E23E84 /* CustomStepper.swift */; };
/* End PBXBuildFile section */

/* Begin PBXFileReference section */
		287623CA29278507009D6C3A /* Stepper.app */ = {isa = PBXFileReference; explicitFileType = wrapper.application; includeInIndex = 0; path = Stepper.app; sourceTree = BUILT_PRODUCTS_DIR; };
		287623CD29278507009D6C3A /* StepperApp.swift */ = {isa = PBXFileReference; lastKnownFileType = sourcecode.swift; path = StepperApp.swift; sourceTree = "<group>"; };
		287623CF29278507009D6C3A /* ContentView.swift */ = {isa = PBXFileReference; lastKnownFileType = sourcecode.swift; path = ContentView.swift; sourceTree = "<group>"; };
		287623D129278508009D6C3A /* Assets.xcassets */ = {isa = PBXFileReference; lastKnownFileType = folder.assetcatalog; path = Assets.xcassets; sourceTree = "<group>"; };
		287623D429278508009D6C3A /* Preview Assets.xcassets */ = {isa = PBXFileReference; lastKnownFileType = folder.assetcatalog; path = "Preview Assets.xcassets"; sourceTree = "<group>"; };
		287623DB2927A764009D6C3A /* StepperStyle.swift */ = {isa = PBXFileReference; lastKnownFileType = sourcecode.swift; path = StepperStyle.swift; sourceTree = "<group>"; };
		287623DD2927A794009D6C3A /* StepperStyle-Default.swift */ = {isa = PBXFileReference; lastKnownFileType = sourcecode.swift; path = "StepperStyle-Default.swift"; sourceTree = "<group>"; };
		287623DF2927A7BC009D6C3A /* StepperStyle-Capsule.swift */ = {isa = PBXFileReference; lastKnownFileType = sourcecode.swift; path = "StepperStyle-Capsule.swift"; sourceTree = "<group>"; };
		DB495C772942538600E23E84 /* StepperStyle-Vertical.swift */ = {isa = PBXFileReference; lastKnownFileType = sourcecode.swift; path = "StepperStyle-Vertical.swift"; sourceTree = "<group>"; };
		DB495C79294305CF00E23E84 /* CustomStepper.swift */ = {isa = PBXFileReference; lastKnownFileType = sourcecode.swift; path = CustomStepper.swift; sourceTree = "<group>"; };
/* End PBXFileReference section */

/* Begin PBXFrameworksBuildPhase section */
		287623C729278507009D6C3A /* Frameworks */ = {
			isa = PBXFrameworksBuildPhase;
			buildActionMask = 2147483647;
			files = (
			);
			runOnlyForDeploymentPostprocessing = 0;
		};
/* End PBXFrameworksBuildPhase section */

/* Begin PBXGroup section */
		287623C129278507009D6C3A = {
			isa = PBXGroup;
			children = (
				287623CC29278507009D6C3A /* Stepper */,
				287623CB29278507009D6C3A /* Products */,
			);
			sourceTree = "<group>";
		};
		287623CB29278507009D6C3A /* Products */ = {
			isa = PBXGroup;
			children = (
				287623CA29278507009D6C3A /* Stepper.app */,
			);
			name = Products;
			sourceTree = "<group>";
		};
		287623CC29278507009D6C3A /* Stepper */ = {
			isa = PBXGroup;
			children = (
				287623CD29278507009D6C3A /* StepperApp.swift */,
				287623CF29278507009D6C3A /* ContentView.swift */,
				DB495C76294252E800E23E84 /* StepperStyle */,
				287623D129278508009D6C3A /* Assets.xcassets */,
				287623D329278508009D6C3A /* Preview Content */,
			);
			path = Stepper;
			sourceTree = "<group>";
		};
		287623D329278508009D6C3A /* Preview Content */ = {
			isa = PBXGroup;
			children = (
				287623D429278508009D6C3A /* Preview Assets.xcassets */,
			);
			path = "Preview Content";
			sourceTree = "<group>";
		};
		DB495C76294252E800E23E84 /* StepperStyle */ = {
			isa = PBXGroup;
			children = (
				287623DB2927A764009D6C3A /* StepperStyle.swift */,
				287623DD2927A794009D6C3A /* StepperStyle-Default.swift */,
				287623DF2927A7BC009D6C3A /* StepperStyle-Capsule.swift */,
				DB495C772942538600E23E84 /* StepperStyle-Vertical.swift */,
				DB495C79294305CF00E23E84 /* CustomStepper.swift */,
			);
			path = StepperStyle;
			sourceTree = "<group>";
		};
/* End PBXGroup section */

/* Begin PBXNativeTarget section */
		287623C929278507009D6C3A /* Stepper */ = {
			isa = PBXNativeTarget;
			buildConfigurationList = 287623D829278508009D6C3A /* Build configuration list for PBXNativeTarget "Stepper" */;
			buildPhases = (
				287623C629278507009D6C3A /* Sources */,
				287623C729278507009D6C3A /* Frameworks */,
				287623C829278507009D6C3A /* Resources */,
			);
			buildRules = (
			);
			dependencies = (
			);
			name = Stepper;
			productName = Stepper;
			productReference = 287623CA29278507009D6C3A /* Stepper.app */;
			productType = "com.apple.product-type.application";
		};
/* End PBXNativeTarget section */

/* Begin PBXProject section */
		287623C229278507009D6C3A /* Project object */ = {
			isa = PBXProject;
			attributes = {
				BuildIndependentTargetsInParallel = 1;
				LastSwiftUpdateCheck = 1410;
				LastUpgradeCheck = 1410;
				TargetAttributes = {
					287623C929278507009D6C3A = {
						CreatedOnToolsVersion = 14.1;
					};
				};
			};
			buildConfigurationList = 287623C529278507009D6C3A /* Build configuration list for PBXProject "Stepper" */;
			compatibilityVersion = "Xcode 14.0";
			developmentRegion = en;
			hasScannedForEncodings = 0;
			knownRegions = (
				en,
				Base,
			);
			mainGroup = 287623C129278507009D6C3A;
			productRefGroup = 287623CB29278507009D6C3A /* Products */;
			projectDirPath = "";
			projectRoot = "";
			targets = (
				287623C929278507009D6C3A /* Stepper */,
			);
		};
/* End PBXProject section */

/* Begin PBXResourcesBuildPhase section */
		287623C829278507009D6C3A /* Resources */ = {
			isa = PBXResourcesBuildPhase;
			buildActionMask = 2147483647;
			files = (
				287623D529278508009D6C3A /* Preview Assets.xcassets in Resources */,
				287623D229278508009D6C3A /* Assets.xcassets in Resources */,
			);
			runOnlyForDeploymentPostprocessing = 0;
		};
/* End PBXResourcesBuildPhase section */

/* Begin PBXSourcesBuildPhase section */
		287623C629278507009D6C3A /* Sources */ = {
			isa = PBXSourcesBuildPhase;
			buildActionMask = 2147483647;
			files = (
				287623DC2927A764009D6C3A /* StepperStyle.swift in Sources */,
				DB495C7A294305CF00E23E84 /* CustomStepper.swift in Sources */,
				DB495C782942538600E23E84 /* StepperStyle-Vertical.swift in Sources */,
				287623D029278507009D6C3A /* ContentView.swift in Sources */,
				287623CE29278507009D6C3A /* StepperApp.swift in Sources */,
				287623E02927A7BC009D6C3A /* StepperStyle-Capsule.swift in Sources */,
				287623DE2927A794009D6C3A /* StepperStyle-Default.swift in Sources */,
			);
			runOnlyForDeploymentPostprocessing = 0;
		};
/* End PBXSourcesBuildPhase section */

/* Begin XCBuildConfiguration section */
		287623D629278508009D6C3A /* Debug */ = {
			isa = XCBuildConfiguration;
			buildSettings = {
				ALWAYS_SEARCH_USER_PATHS = NO;
				CLANG_ANALYZER_NONNULL = YES;
				CLANG_ANALYZER_NUMBER_OBJECT_CONVERSION = YES_AGGRESSIVE;
				CLANG_CXX_LANGUAGE_STANDARD = "gnu++20";
				CLANG_ENABLE_MODULES = YES;
				CLANG_ENABLE_OBJC_ARC = YES;
				CLANG_ENABLE_OBJC_WEAK = YES;
				CLANG_WARN_BLOCK_CAPTURE_AUTORELEASING = YES;
				CLANG_WARN_BOOL_CONVERSION = YES;
				CLANG_WARN_COMMA = YES;
				CLANG_WARN_CONSTANT_CONVERSION = YES;
				CLANG_WARN_DEPRECATED_OBJC_IMPLEMENTATIONS = YES;
				CLANG_WARN_DIRECT_OBJC_ISA_USAGE = YES_ERROR;
				CLANG_WARN_DOCUMENTATION_COMMENTS = YES;
				CLANG_WARN_EMPTY_BODY = YES;
				CLANG_WARN_ENUM_CONVERSION = YES;
				CLANG_WARN_INFINITE_RECURSION = YES;
				CLANG_WARN_INT_CONVERSION = YES;
				CLANG_WARN_NON_LITERAL_NULL_CONVERSION = YES;
				CLANG_WARN_OBJC_IMPLICIT_RETAIN_SELF = YES;
				CLANG_WARN_OBJC_LITERAL_CONVERSION = YES;
				CLANG_WARN_OBJC_ROOT_CLASS = YES_ERROR;
				CLANG_WARN_QUOTED_INCLUDE_IN_FRAMEWORK_HEADER = YES;
				CLANG_WARN_RANGE_LOOP_ANALYSIS = YES;
				CLANG_WARN_STRICT_PROTOTYPES = YES;
				CLANG_WARN_SUSPICIOUS_MOVE = YES;
				CLANG_WARN_UNGUARDED_AVAILABILITY = YES_AGGRESSIVE;
				CLANG_WARN_UNREACHABLE_CODE = YES;
				CLANG_WARN__DUPLICATE_METHOD_MATCH = YES;
				COPY_PHASE_STRIP = NO;
				DEBUG_INFORMATION_FORMAT = dwarf;
				ENABLE_STRICT_OBJC_MSGSEND = YES;
				ENABLE_TESTABILITY = YES;
				GCC_C_LANGUAGE_STANDARD = gnu11;
				GCC_DYNAMIC_NO_PIC = NO;
				GCC_NO_COMMON_BLOCKS = YES;
				GCC_OPTIMIZATION_LEVEL = 0;
				GCC_PREPROCESSOR_DEFINITIONS = (
					"DEBUG=1",
					"$(inherited)",
				);
				GCC_WARN_64_TO_32_BIT_CONVERSION = YES;
				GCC_WARN_ABOUT_RETURN_TYPE = YES_ERROR;
				GCC_WARN_UNDECLARED_SELECTOR = YES;
				GCC_WARN_UNINITIALIZED_AUTOS = YES_AGGRESSIVE;
				GCC_WARN_UNUSED_FUNCTION = YES;
				GCC_WARN_UNUSED_VARIABLE = YES;
				IPHONEOS_DEPLOYMENT_TARGET = 16.1;
				MTL_ENABLE_DEBUG_INFO = INCLUDE_SOURCE;
				MTL_FAST_MATH = YES;
				ONLY_ACTIVE_ARCH = YES;
				SDKROOT = iphoneos;
				SWIFT_ACTIVE_COMPILATION_CONDITIONS = DEBUG;
				SWIFT_OPTIMIZATION_LEVEL = "-Onone";
			};
			name = Debug;
		};
		287623D729278508009D6C3A /* Release */ = {
			isa = XCBuildConfiguration;
			buildSettings = {
				ALWAYS_SEARCH_USER_PATHS = NO;
				CLANG_ANALYZER_NONNULL = YES;
				CLANG_ANALYZER_NUMBER_OBJECT_CONVERSION = YES_AGGRESSIVE;
				CLANG_CXX_LANGUAGE_STANDARD = "gnu++20";
				CLANG_ENABLE_MODULES = YES;
				CLANG_ENABLE_OBJC_ARC = YES;
				CLANG_ENABLE_OBJC_WEAK = YES;
				CLANG_WARN_BLOCK_CAPTURE_AUTORELEASING = YES;
				CLANG_WARN_BOOL_CONVERSION = YES;
				CLANG_WARN_COMMA = YES;
				CLANG_WARN_CONSTANT_CONVERSION = YES;
				CLANG_WARN_DEPRECATED_OBJC_IMPLEMENTATIONS = YES;
				CLANG_WARN_DIRECT_OBJC_ISA_USAGE = YES_ERROR;
				CLANG_WARN_DOCUMENTATION_COMMENTS = YES;
				CLANG_WARN_EMPTY_BODY = YES;
				CLANG_WARN_ENUM_CONVERSION = YES;
				CLANG_WARN_INFINITE_RECURSION = YES;
				CLANG_WARN_INT_CONVERSION = YES;
				CLANG_WARN_NON_LITERAL_NULL_CONVERSION = YES;
				CLANG_WARN_OBJC_IMPLICIT_RETAIN_SELF = YES;
				CLANG_WARN_OBJC_LITERAL_CONVERSION = YES;
				CLANG_WARN_OBJC_ROOT_CLASS = YES_ERROR;
				CLANG_WARN_QUOTED_INCLUDE_IN_FRAMEWORK_HEADER = YES;
				CLANG_WARN_RANGE_LOOP_ANALYSIS = YES;
				CLANG_WARN_STRICT_PROTOTYPES = YES;
				CLANG_WARN_SUSPICIOUS_MOVE = YES;
				CLANG_WARN_UNGUARDED_AVAILABILITY = YES_AGGRESSIVE;
				CLANG_WARN_UNREACHABLE_CODE = YES;
				CLANG_WARN__DUPLICATE_METHOD_MATCH = YES;
				COPY_PHASE_STRIP = NO;
				DEBUG_INFORMATION_FORMAT = "dwarf-with-dsym";
				ENABLE_NS_ASSERTIONS = NO;
				ENABLE_STRICT_OBJC_MSGSEND = YES;
				GCC_C_LANGUAGE_STANDARD = gnu11;
				GCC_NO_COMMON_BLOCKS = YES;
				GCC_WARN_64_TO_32_BIT_CONVERSION = YES;
				GCC_WARN_ABOUT_RETURN_TYPE = YES_ERROR;
				GCC_WARN_UNDECLARED_SELECTOR = YES;
				GCC_WARN_UNINITIALIZED_AUTOS = YES_AGGRESSIVE;
				GCC_WARN_UNUSED_FUNCTION = YES;
				GCC_WARN_UNUSED_VARIABLE = YES;
				IPHONEOS_DEPLOYMENT_TARGET = 16.1;
				MTL_ENABLE_DEBUG_INFO = NO;
				MTL_FAST_MATH = YES;
				SDKROOT = iphoneos;
				SWIFT_COMPILATION_MODE = wholemodule;
				SWIFT_OPTIMIZATION_LEVEL = "-O";
				VALIDATE_PRODUCT = YES;
			};
			name = Release;
		};
		287623D929278508009D6C3A /* Debug */ = {
			isa = XCBuildConfiguration;
			buildSettings = {
				ASSETCATALOG_COMPILER_APPICON_NAME = AppIcon;
				ASSETCATALOG_COMPILER_GLOBAL_ACCENT_COLOR_NAME = AccentColor;
				CODE_SIGN_STYLE = Automatic;
				CURRENT_PROJECT_VERSION = 1;
				DEVELOPMENT_ASSET_PATHS = "\"Stepper/Preview Content\"";
				DEVELOPMENT_TEAM = 34U9G7SBLR;
				ENABLE_PREVIEWS = YES;
				GENERATE_INFOPLIST_FILE = YES;
				INFOPLIST_KEY_UIApplicationSceneManifest_Generation = YES;
				INFOPLIST_KEY_UIApplicationSupportsIndirectInputEvents = YES;
				INFOPLIST_KEY_UILaunchScreen_Generation = YES;
				INFOPLIST_KEY_UISupportedInterfaceOrientations_iPad = "UIInterfaceOrientationPortrait UIInterfaceOrientationPortraitUpsideDown UIInterfaceOrientationLandscapeLeft UIInterfaceOrientationLandscapeRight";
				INFOPLIST_KEY_UISupportedInterfaceOrientations_iPhone = "UIInterfaceOrientationPortrait UIInterfaceOrientationLandscapeLeft UIInterfaceOrientationLandscapeRight";
				LD_RUNPATH_SEARCH_PATHS = (
					"$(inherited)",
					"@executable_path/Frameworks",
				);
				MARKETING_VERSION = 1.0;
				PRODUCT_BUNDLE_IDENTIFIER = com.whispp.ios.Stepper;
				PRODUCT_NAME = "$(TARGET_NAME)";
				SWIFT_EMIT_LOC_STRINGS = YES;
				SWIFT_VERSION = 5.0;
				TARGETED_DEVICE_FAMILY = "1,2";
			};
			name = Debug;
		};
		287623DA29278508009D6C3A /* Release */ = {
			isa = XCBuildConfiguration;
			buildSettings = {
				ASSETCATALOG_COMPILER_APPICON_NAME = AppIcon;
				ASSETCATALOG_COMPILER_GLOBAL_ACCENT_COLOR_NAME = AccentColor;
				CODE_SIGN_STYLE = Automatic;
				CURRENT_PROJECT_VERSION = 1;
				DEVELOPMENT_ASSET_PATHS = "\"Stepper/Preview Content\"";
				DEVELOPMENT_TEAM = 34U9G7SBLR;
				ENABLE_PREVIEWS = YES;
				GENERATE_INFOPLIST_FILE = YES;
				INFOPLIST_KEY_UIApplicationSceneManifest_Generation = YES;
				INFOPLIST_KEY_UIApplicationSupportsIndirectInputEvents = YES;
				INFOPLIST_KEY_UILaunchScreen_Generation = YES;
				INFOPLIST_KEY_UISupportedInterfaceOrientations_iPad = "UIInterfaceOrientationPortrait UIInterfaceOrientationPortraitUpsideDown UIInterfaceOrientationLandscapeLeft UIInterfaceOrientationLandscapeRight";
				INFOPLIST_KEY_UISupportedInterfaceOrientations_iPhone = "UIInterfaceOrientationPortrait UIInterfaceOrientationLandscapeLeft UIInterfaceOrientationLandscapeRight";
				LD_RUNPATH_SEARCH_PATHS = (
					"$(inherited)",
					"@executable_path/Frameworks",
				);
				MARKETING_VERSION = 1.0;
				PRODUCT_BUNDLE_IDENTIFIER = com.whispp.ios.Stepper;
				PRODUCT_NAME = "$(TARGET_NAME)";
				SWIFT_EMIT_LOC_STRINGS = YES;
				SWIFT_VERSION = 5.0;
				TARGETED_DEVICE_FAMILY = "1,2";
			};
			name = Release;
		};
/* End XCBuildConfiguration section */

/* Begin XCConfigurationList section */
		287623C529278507009D6C3A /* Build configuration list for PBXProject "Stepper" */ = {
			isa = XCConfigurationList;
			buildConfigurations = (
				287623D629278508009D6C3A /* Debug */,
				287623D729278508009D6C3A /* Release */,
			);
			defaultConfigurationIsVisible = 0;
			defaultConfigurationName = Release;
		};
		287623D829278508009D6C3A /* Build configuration list for PBXNativeTarget "Stepper" */ = {
			isa = XCConfigurationList;
			buildConfigurations = (
				287623D929278508009D6C3A /* Debug */,
				287623DA29278508009D6C3A /* Release */,
			);
			defaultConfigurationIsVisible = 0;
			defaultConfigurationName = Release;
		};
/* End XCConfigurationList section */
	};
	rootObject = 287623C229278507009D6C3A /* Project object */;
}
